<?xml version="1.0" encoding="utf-8"?>
<Project ToolsVersion="4.0" xmlns="http://schemas.microsoft.com/developer/msbuild/2003">
  <ItemGroup>
    <ClCompile Include="Main.cpp" />
    <ClCompile Include="Window.cpp" />
    <ClCompile Include="Transform.cpp" />
    <ClCompile Include="String.cpp" />
    <ClCompile Include="Hasheable.cpp" />
    <ClCompile Include="MessagesListener.cpp">
      <Filter>Messages</Filter>
    </ClCompile>
    <ClCompile Include="Writable.cpp">
      <Filter>IO</Filter>
    </ClCompile>
    <ClCompile Include="Rotation.cpp">
      <Filter>Math</Filter>
    </ClCompile>
    <ClCompile Include="Systern.cpp">
      <Filter>Systems</Filter>
    </ClCompile>
    <ClCompile Include="Entity.cpp">
      <Filter>Entity</Filter>
    </ClCompile>
    <ClCompile Include="GameObject.cpp">
      <Filter>Entity</Filter>
    </ClCompile>
    <ClCompile Include="Component.cpp">
      <Filter>Entity</Filter>
    </ClCompile>
    <ClCompile Include="GameObjectDestroyed.cpp">
      <Filter>Messages\MessageTypes</Filter>
    </ClCompile>
    <ClCompile Include="Color.cpp">
      <Filter>Graphics</Filter>
    </ClCompile>
    <ClCompile Include="Texture.cpp">
      <Filter>Graphics</Filter>
    </ClCompile>
    <ClCompile Include="Random.cpp" />
    <ClCompile Include="StbImage.cpp" />
    <ClCompile Include="ID.cpp" />
    <ClCompile Include="FloydWarshall.cpp">
      <Filter>AI\Pathfinding</Filter>
    </ClCompile>
    <ClCompile Include="IsAreaClear.cpp">
      <Filter>AI\Pathfinding</Filter>
    </ClCompile>
    <ClCompile Include="AStar.cpp">
      <Filter>AI\Pathfinding</Filter>
    </ClCompile>
  </ItemGroup>
  <ItemGroup>
    <Filter Include="Math">
      <UniqueIdentifier>{53f2a6e2-8328-48d1-afe7-8cfa96b0a4fe}</UniqueIdentifier>
    </Filter>
    <Filter Include="Containers">
      <UniqueIdentifier>{cfff007e-c781-43fd-a4e2-f39c4f0c4a79}</UniqueIdentifier>
    </Filter>
    <Filter Include="Math\Vector">
      <UniqueIdentifier>{a96b622b-142e-4fb8-a13d-4c47337b4a27}</UniqueIdentifier>
    </Filter>
    <Filter Include="Math\Matrix">
      <UniqueIdentifier>{67d3069f-8bdb-490d-97da-95f69af37700}</UniqueIdentifier>
    </Filter>
    <Filter Include="Messages">
      <UniqueIdentifier>{c5d32725-a2b5-49c9-8f16-f88c4db86452}</UniqueIdentifier>
    </Filter>
    <Filter Include="IO">
      <UniqueIdentifier>{10b02b3c-9604-488c-8954-1ac6add3dfb3}</UniqueIdentifier>
    </Filter>
    <Filter Include="Systems">
      <UniqueIdentifier>{2ae30f73-76f6-4fac-ab0f-dbd361109359}</UniqueIdentifier>
    </Filter>
    <Filter Include="Entity">
      <UniqueIdentifier>{33df00e3-63fd-4abe-acf2-c18036a68c18}</UniqueIdentifier>
    </Filter>
    <Filter Include="Messages\MessageTypes">
      <UniqueIdentifier>{5c433867-7acd-4696-a0e6-96c4c80a436f}</UniqueIdentifier>
    </Filter>
    <Filter Include="Graphics">
      <UniqueIdentifier>{95335e57-a9f0-41de-9d2e-f57020b0f09d}</UniqueIdentifier>
    </Filter>
    <Filter Include="Function">
      <UniqueIdentifier>{8bb109bf-bdfe-4ed3-8a2a-ce847fbbdc67}</UniqueIdentifier>
    </Filter>
    <Filter Include="AI">
      <UniqueIdentifier>{bb001e85-8a3d-4570-987e-f3e86b4e7673}</UniqueIdentifier>
    </Filter>
    <Filter Include="AI\Pathfinding">
      <UniqueIdentifier>{f7886549-af91-48fb-aeda-19f712099edc}</UniqueIdentifier>
    </Filter>
  </ItemGroup>
  <ItemGroup>
    <ClInclude Include="Vector.h">
      <Filter>Math\Vector</Filter>
    </ClInclude>
    <ClInclude Include="Array.h">
      <Filter>Containers</Filter>
    </ClInclude>
    <ClInclude Include="Matrix.h">
      <Filter>Math\Matrix</Filter>
    </ClInclude>
    <ClInclude Include="Byte.h" />
    <ClInclude Include="Epsilon.h">
      <Filter>Math</Filter>
    </ClInclude>
    <ClInclude Include="Axis.h">
      <Filter>Math</Filter>
    </ClInclude>
    <ClInclude Include="Pair.h" />
    <ClInclude Include="Transform.h" />
    <ClInclude Include="BitArray.h">
      <Filter>Containers</Filter>
    </ClInclude>
    <ClInclude Include="DynamicArray.h">
      <Filter>Containers</Filter>
    </ClInclude>
    <ClInclude Include="String.h" />
    <ClInclude Include="Hasheable.h" />
    <ClInclude Include="HashMap.h">
      <Filter>Containers</Filter>
    </ClInclude>
    <ClInclude Include="HashTable.h">
      <Filter>Containers</Filter>
    </ClInclude>
    <ClInclude Include="ShareableFromThis.h" />
    <ClInclude Include="Message.h">
      <Filter>Messages</Filter>
    </ClInclude>
    <ClInclude Include="MessagesListener.h">
      <Filter>Messages</Filter>
    </ClInclude>
    <ClInclude Include="SortedDynamicArray.h">
      <Filter>Containers</Filter>
    </ClInclude>
    <ClInclude Include="Writable.h">
      <Filter>IO</Filter>
    </ClInclude>
    <ClInclude Include="Clonable.h" />
    <ClInclude Include="Swapable.h" />
    <ClInclude Include="MultiSortedDynamicArray.h">
      <Filter>Containers</Filter>
    </ClInclude>
    <ClInclude Include="BaseSortedDynamicArray.h">
      <Filter>Containers</Filter>
    </ClInclude>
    <ClInclude Include="Division.h">
      <Filter>Math</Filter>
    </ClInclude>
    <ClInclude Include="Rotation.h">
      <Filter>Math</Filter>
    </ClInclude>
    <ClInclude Include="System.h">
      <Filter>Systems</Filter>
    </ClInclude>
    <ClInclude Include="Entity.h">
      <Filter>Entity</Filter>
    </ClInclude>
    <ClInclude Include="GameObject.h">
      <Filter>Entity</Filter>
    </ClInclude>
    <ClInclude Include="Component.h">
      <Filter>Entity</Filter>
    </ClInclude>
    <ClInclude Include="GameObjectDestroyed.h">
      <Filter>Messages\MessageTypes</Filter>
    </ClInclude>
    <ClInclude Include="Angles.h">
      <Filter>Math</Filter>
    </ClInclude>
    <ClInclude Include="Comparator.h">
      <Filter>Function</Filter>
    </ClInclude>
    <ClInclude Include="Requirement.h">
      <Filter>Function</Filter>
    </ClInclude>
    <ClInclude Include="Color.h">
      <Filter>Graphics</Filter>
    </ClInclude>
    <ClInclude Include="GLMVectorWrapper.h">
      <Filter>Math\Vector</Filter>
    </ClInclude>
    <ClInclude Include="GLMMatrixWrapper.h">
      <Filter>Math\Matrix</Filter>
    </ClInclude>
    <ClInclude Include="Texture.h">
      <Filter>Graphics</Filter>
    </ClInclude>
    <ClInclude Include="Table.h">
      <Filter>Containers</Filter>
    </ClInclude>
    <ClInclude Include="Random.h" />
    <ClInclude Include="ID.h" />
    <ClInclude Include="Constants.h">
      <Filter>Math</Filter>
    </ClInclude>
    <ClInclude Include="IsAreaClear.h">
      <Filter>AI\Pathfinding</Filter>
    </ClInclude>
    <ClInclude Include="FloydWarshall.h">
      <Filter>AI\Pathfinding</Filter>
    </ClInclude>
    <ClInclude Include="AStar.h">
      <Filter>AI\Pathfinding</Filter>
    </ClInclude>
  </ItemGroup>
  <ItemGroup>
    <None Include="Vector.inl">
      <Filter>Math\Vector</Filter>
    </None>
    <None Include="Matrix.inl">
      <Filter>Math\Matrix</Filter>
    </None>
    <None Include="Pair.inl" />
    <None Include="Epsilon.inl">
      <Filter>Math</Filter>
    </None>
    <None Include="Transform.inl" />
    <None Include="DynamicArray.inl">
      <Filter>Containers</Filter>
    </None>
    <None Include="String.inl" />
    <None Include="ShareableFromThis.inl" />
    <None Include="MessagesListener.inl">
      <Filter>Messages</Filter>
    </None>
    <None Include="SortedDynamicArray.inl">
      <Filter>Containers</Filter>
    </None>
    <None Include="Clonable.inl" />
    <None Include="Swapable.inl" />
    <None Include="MultiSortedDynamicArray.inl">
      <Filter>Containers</Filter>
    </None>
    <None Include="BaseSortedDynamicArray.inl">
      <Filter>Containers</Filter>
    </None>
    <None Include="Division.inl">
      <Filter>Math</Filter>
    </None>
    <None Include="System.inl">
      <Filter>Systems</Filter>
    </None>
    <None Include="GameObject.inl">
      <Filter>Entity</Filter>
    </None>
    <None Include="Angles.inl">
      <Filter>Math</Filter>
    </None>
    <None Include="GLMVectorWrapper.inl">
      <Filter>Math\Vector</Filter>
    </None>
    <None Include="GLMMatrixWrapper.inl">
      <Filter>Math\Matrix</Filter>
    </None>
    <None Include="Color.inl">
      <Filter>Graphics</Filter>
    </None>
    <None Include="Table.inl">
      <Filter>Containers</Filter>
    </None>
    <None Include="Constants.inl">
      <Filter>Math</Filter>
    </None>
  </ItemGroup>
</Project>