<?xml version="1.0" encoding="utf-8"?>
<Project ToolsVersion="4.0" xmlns="http://schemas.microsoft.com/developer/msbuild/2003">
  <ItemGroup>
    <ClCompile Include="Main.cpp" />
    <ClCompile Include="Window.cpp" />
    <ClCompile Include="Rotation.cpp">
      <Filter>Math</Filter>
    </ClCompile>
    <ClCompile Include="Transform.cpp" />
  </ItemGroup>
  <ItemGroup>
    <Filter Include="Math">
      <UniqueIdentifier>{53f2a6e2-8328-48d1-afe7-8cfa96b0a4fe}</UniqueIdentifier>
    </Filter>
    <Filter Include="Containers">
      <UniqueIdentifier>{cfff007e-c781-43fd-a4e2-f39c4f0c4a79}</UniqueIdentifier>
    </Filter>
    <Filter Include="Math\Vector">
      <UniqueIdentifier>{a96b622b-142e-4fb8-a13d-4c47337b4a27}</UniqueIdentifier>
    </Filter>
    <Filter Include="Math\Matrix">
      <UniqueIdentifier>{67d3069f-8bdb-490d-97da-95f69af37700}</UniqueIdentifier>
    </Filter>
  </ItemGroup>
  <ItemGroup>
    <ClInclude Include="Vector.h">
      <Filter>Math\Vector</Filter>
    </ClInclude>
    <ClInclude Include="Array.h">
      <Filter>Containers</Filter>
    </ClInclude>
    <ClInclude Include="Matrix.h">
      <Filter>Math\Matrix</Filter>
    </ClInclude>
    <ClInclude Include="Byte.h" />
    <ClInclude Include="Rotation.h">
      <Filter>Math</Filter>
    </ClInclude>
    <ClInclude Include="Epsilon.h">
      <Filter>Math</Filter>
    </ClInclude>
    <ClInclude Include="Axis.h">
      <Filter>Math</Filter>
    </ClInclude>
    <ClInclude Include="Pair.h" />
    <ClInclude Include="ExtendedGLMVector.h">
      <Filter>Math\Vector</Filter>
    </ClInclude>
    <ClInclude Include="ExtendedGLMMatrix.h">
      <Filter>Math\Matrix</Filter>
    </ClInclude>
    <ClInclude Include="Transform.h" />
  </ItemGroup>
  <ItemGroup>
    <None Include="Vector.inl">
      <Filter>Math\Vector</Filter>
    </None>
    <None Include="Matrix.inl">
      <Filter>Math\Matrix</Filter>
    </None>
    <None Include="Pair.inl" />
    <None Include="Epsilon.inl">
      <Filter>Math</Filter>
    </None>
    <None Include="ExtendedGLMVector.inl">
      <Filter>Math\Vector</Filter>
    </None>
    <None Include="ExtendedGLMMatrix.inl">
      <Filter>Math\Matrix</Filter>
    </None>
    <None Include="Transform.inl" />
  </ItemGroup>
</Project>